<Solution>
  <Project Path="TrueAltitude.Domain/TrueAltitude.Domain.csproj" />
  <Project Path="TrueAltitude.Persistence/TrueAltitude.Persistence.csproj" />
  <Project Path="TrueAltitude.Infrastructure/TrueAltitude.Infrastructure.csproj" />
  <Project Path="TrueAltitude.Application/TrueAltitude.Application.csproj" />
  <Project Path="TrueAltitude.API/TrueAltitude.API.csproj" />
</Solution>
